
Microsoft Visual Studio Solution File, Format Version 12.00
# Visual Studio Version 16
VisualStudioVersion = 16.0.31729.503
MinimumVisualStudioVersion = 10.0.40219.1
Project("{FAE04EC0-301F-11D3-BF4B-00C04F79EFBC}") = "Platform4", "Platform4\Platform4.csproj", "{1E204617-ACDD-4642-ACA8-360AED8766AA}"
EndProject
Global
	GlobalSection(SolutionConfigurationPlatforms) = preSolution
		Debug|Any CPU = Debug|Any CPU
		Release|Any CPU = Release|Any CPU
	EndGlobalSection
	GlobalSection(ProjectConfigurationPlatforms) = postSolution
		{1E204617-ACDD-4642-ACA8-360AED8766AA}.Debug|Any CPU.ActiveCfg = Debug|Any CPU
		{1E204617-ACDD-4642-ACA8-360AED8766AA}.Debug|Any CPU.Build.0 = Debug|Any CPU
		{1E204617-ACDD-4642-ACA8-360AED8766AA}.Release|Any CPU.ActiveCfg = Release|Any CPU
		{1E204617-ACDD-4642-ACA8-360AED8766AA}.Release|Any CPU.Build.0 = Release|Any CPU
	EndGlobalSection
	GlobalSection(SolutionProperties) = preSolution
		HideSolutionNode = FALSE
	EndGlobalSection
	GlobalSection(ExtensibilityGlobals) = postSolution
		SolutionGuid = {A9485391-8364-402B-92DB-C7C19DB7C029}
	EndGlobalSection
EndGlobal
