
Microsoft Visual Studio Solution File, Format Version 12.00
# Visual Studio Version 17
VisualStudioVersion = 17.0.31919.166
MinimumVisualStudioVersion = 10.0.40219.1
Project("{FAE04EC0-301F-11D3-BF4B-00C04F79EFBC}") = "LanguageFeatures", "LanguageFeatures\LanguageFeatures.csproj", "{78B1823B-1876-4D89-8C1F-321E3E8EF7B3}"
EndProject
Global
	GlobalSection(SolutionConfigurationPlatforms) = preSolution
		Debug|Any CPU = Debug|Any CPU
		Release|Any CPU = Release|Any CPU
	EndGlobalSection
	GlobalSection(ProjectConfigurationPlatforms) = postSolution
		{78B1823B-1876-4D89-8C1F-321E3E8EF7B3}.Debug|Any CPU.ActiveCfg = Debug|Any CPU
		{78B1823B-1876-4D89-8C1F-321E3E8EF7B3}.Debug|Any CPU.Build.0 = Debug|Any CPU
		{78B1823B-1876-4D89-8C1F-321E3E8EF7B3}.Release|Any CPU.ActiveCfg = Release|Any CPU
		{78B1823B-1876-4D89-8C1F-321E3E8EF7B3}.Release|Any CPU.Build.0 = Release|Any CPU
	EndGlobalSection
	GlobalSection(SolutionProperties) = preSolution
		HideSolutionNode = FALSE
	EndGlobalSection
	GlobalSection(ExtensibilityGlobals) = postSolution
		SolutionGuid = {D08F681B-32F9-4996-8E6F-DF734E1774B0}
	EndGlobalSection
EndGlobal
