
Microsoft Visual Studio Solution File, Format Version 12.00
# Visual Studio Version 16
VisualStudioVersion = 16.0.31424.327
MinimumVisualStudioVersion = 10.0.40219.1
Project("{FAE04EC0-301F-11D3-BF4B-00C04F79EFBC}") = "Ch3_PartyRSVP", "Ch3_PartyRSVP\Ch3_PartyRSVP.csproj", "{1826635A-520E-4E1F-9561-7B1BC859203B}"
EndProject
Global
	GlobalSection(SolutionConfigurationPlatforms) = preSolution
		Debug|Any CPU = Debug|Any CPU
		Release|Any CPU = Release|Any CPU
	EndGlobalSection
	GlobalSection(ProjectConfigurationPlatforms) = postSolution
		{1826635A-520E-4E1F-9561-7B1BC859203B}.Debug|Any CPU.ActiveCfg = Debug|Any CPU
		{1826635A-520E-4E1F-9561-7B1BC859203B}.Debug|Any CPU.Build.0 = Debug|Any CPU
		{1826635A-520E-4E1F-9561-7B1BC859203B}.Release|Any CPU.ActiveCfg = Release|Any CPU
		{1826635A-520E-4E1F-9561-7B1BC859203B}.Release|Any CPU.Build.0 = Release|Any CPU
	EndGlobalSection
	GlobalSection(SolutionProperties) = preSolution
		HideSolutionNode = FALSE
	EndGlobalSection
	GlobalSection(ExtensibilityGlobals) = postSolution
		SolutionGuid = {4CF15BC2-FB60-4AB2-913F-55B580596D69}
	EndGlobalSection
EndGlobal
